{
  "name": "blog",
  "version": "0.1.0",
  "lockfileVersion": 1,
  "requires": true,
  "dependencies": {
    "@polymer/app-layout": {
      "version": "3.0.0-pre.19",
      "resolved": "https://registry.npmjs.org/@polymer/app-layout/-/app-layout-3.0.0-pre.19.tgz",
      "integrity": "sha512-muzusDvipeLZL7VFf+15EzpFXrHDFZOPtZyV4pohVZMSdPtGpmwVDWaAORmAveBClkFG4oZ7iPSCglYkA6zpOg==",
      "requires": {
        "@polymer/iron-flex-layout": "^3.0.0-pre.19",
        "@polymer/iron-media-query": "^3.0.0-pre.19",
        "@polymer/iron-resizable-behavior": "^3.0.0-pre.19",
        "@polymer/iron-scroll-target-behavior": "^3.0.0-pre.19",
        "@polymer/polymer": "^3.0.0"
      }
    },
    "@polymer/app-route": {
      "version": "3.0.0-pre.19",
      "resolved": "https://registry.npmjs.org/@polymer/app-route/-/app-route-3.0.0-pre.19.tgz",
      "integrity": "sha512-8We/XORM1J7YIiAE2mUoMhPn9AVXDtOdyBrcVChEKPvIswuozKsCnBZA6rCFWPWyvmT+td40obhb92rRgMZPUQ==",
      "requires": {
        "@polymer/iron-location": "^3.0.0-pre.19",
        "@polymer/polymer": "^3.0.0"
      }
    },
    "@polymer/font-roboto": {
      "version": "3.0.0-pre.19",
      "resolved": "https://registry.npmjs.org/@polymer/font-roboto/-/font-roboto-3.0.0-pre.19.tgz",
      "integrity": "sha512-brLUbgLGzBVNlmHhpDHnWdPI6KNkHmTjtX+82dvHpeuUjPsey2uH4fFofWC+m29/yxY+GH5RGv493AfRUDcokQ=="
    },
    "@polymer/iron-a11y-keys-behavior": {
      "version": "3.0.0-pre.19",
      "resolved": "https://registry.npmjs.org/@polymer/iron-a11y-keys-behavior/-/iron-a11y-keys-behavior-3.0.0-pre.19.tgz",
      "integrity": "sha512-jti4YDsjxTny2AJJxAQ89Gwq7+AMblOZLWBOQiciqDuRdj+nEelf227DAUwIejoII6cYQCV/Knw+Qit5zZx2kQ==",
      "requires": {
        "@polymer/polymer": "^3.0.0"
      }
    },
    "@polymer/iron-behaviors": {
      "version": "3.0.0-pre.19",
      "resolved": "https://registry.npmjs.org/@polymer/iron-behaviors/-/iron-behaviors-3.0.0-pre.19.tgz",
      "integrity": "sha512-pxiCO2sN5by1Xmx9aVG9+t/Mpx7HRVXPUt1Aj8qxgF6lE+LlkiHWtOkl1WYqeun1F4Yh38x5LztWnCUvxe5sEw==",
      "requires": {
        "@polymer/iron-a11y-keys-behavior": "^3.0.0-pre.19",
        "@polymer/polymer": "^3.0.0"
      }
    },
    "@polymer/iron-checked-element-behavior": {
      "version": "3.0.0-pre.19",
      "resolved": "https://registry.npmjs.org/@polymer/iron-checked-element-behavior/-/iron-checked-element-behavior-3.0.0-pre.19.tgz",
      "integrity": "sha512-NEEaAhjtGvSffeqep2a0GXpTqc0K3wcgO1lR5NAMOQjNcnbh62twdkTPJyw1EGs9l+PL0IpepUAYTOI305MWXg==",
      "requires": {
        "@polymer/iron-form-element-behavior": "^3.0.0-pre.19",
        "@polymer/iron-validatable-behavior": "^3.0.0-pre.19",
        "@polymer/polymer": "^3.0.0"
      }
    },
    "@polymer/iron-flex-layout": {
      "version": "3.0.0-pre.19",
      "resolved": "https://registry.npmjs.org/@polymer/iron-flex-layout/-/iron-flex-layout-3.0.0-pre.19.tgz",
      "integrity": "sha512-EZ25vUjmZXLc0hKJj338Ec1fQwemBsfe+Zo5d6ThzJzoSq72uGlZ8deLYNiAhIw6UZZxWttXcN6c/2kZ4qV18A==",
      "requires": {
        "@polymer/polymer": "^3.0.0"
      }
    },
    "@polymer/iron-form-element-behavior": {
      "version": "3.0.0-pre.19",
      "resolved": "https://registry.npmjs.org/@polymer/iron-form-element-behavior/-/iron-form-element-behavior-3.0.0-pre.19.tgz",
      "integrity": "sha512-ZiJ65MFcuFk2kJZqgY8ogspeV8mcrhlIOkwSaT/RWkhakeQ5WZ3++jhmjmNVQqUbYBPr0eLtZQp/TqGjd1UGyg==",
      "requires": {
        "@polymer/polymer": "^3.0.0"
      }
    },
    "@polymer/iron-icon": {
      "version": "3.0.0-pre.19",
      "resolved": "https://registry.npmjs.org/@polymer/iron-icon/-/iron-icon-3.0.0-pre.19.tgz",
      "integrity": "sha512-bXL8xib8qoX/R91iAWp69lgwZa+S6lGPMmqIU4H6iFn2o5N9MlNppP45oyxgxm7OX6XNa7RMMTfKyQ2y9wcLoQ==",
      "requires": {
        "@polymer/iron-flex-layout": "^3.0.0-pre.19",
        "@polymer/iron-meta": "^3.0.0-pre.19",
        "@polymer/polymer": "^3.0.0"
      }
    },
    "@polymer/iron-icons": {
      "version": "3.0.0-pre.19",
      "resolved": "https://registry.npmjs.org/@polymer/iron-icons/-/iron-icons-3.0.0-pre.19.tgz",
      "integrity": "sha512-mHHtyeDQVjALgRMogLIAOpdMQoa3it2f+xWH+C2trZDlJH7BNILX2Aq9qQlxf1EJFTwbWQJOCVc06XdkD451mQ==",
      "requires": {
        "@polymer/iron-icon": "^3.0.0-pre.19",
        "@polymer/iron-iconset-svg": "^3.0.0-pre.19",
        "@polymer/polymer": "^3.0.0"
      }
    },
    "@polymer/iron-iconset-svg": {
      "version": "3.0.0-pre.19",
      "resolved": "https://registry.npmjs.org/@polymer/iron-iconset-svg/-/iron-iconset-svg-3.0.0-pre.19.tgz",
      "integrity": "sha512-3MvRYvcbx/fkrFlGDVpPoUqX0l87EbNJT4Uaj36ZjMo/TbWtfZ8tYSaM/tWqhPnOLTjQgDNpWkVq3mEwLFIljg==",
      "requires": {
        "@polymer/iron-meta": "^3.0.0-pre.19",
        "@polymer/polymer": "^3.0.0"
      }
    },
    "@polymer/iron-list": {
      "version": "3.0.0-pre.19",
      "resolved": "https://registry.npmjs.org/@polymer/iron-list/-/iron-list-3.0.0-pre.19.tgz",
      "integrity": "sha512-NoFja6NeGJNnBdQl2MyD1ZdcKURCfLVozLcsrFmh92R4bnPfBa9l/ood2vec8LTEYidRjl1US1aPagd6bJhdrw==",
      "requires": {
        "@polymer/iron-a11y-keys-behavior": "^3.0.0-pre.19",
        "@polymer/iron-resizable-behavior": "^3.0.0-pre.19",
        "@polymer/iron-scroll-target-behavior": "^3.0.0-pre.19",
        "@polymer/polymer": "^3.0.0"
      }
    },
    "@polymer/iron-location": {
      "version": "3.0.0-pre.19",
      "resolved": "https://registry.npmjs.org/@polymer/iron-location/-/iron-location-3.0.0-pre.19.tgz",
      "integrity": "sha512-VGL1TGrnSPXmbMtHo2pazY8fhg3lKLGC6pOeMdwk8fMHDurfO7atVHjlcVLKrCDB7L38rqNN+af6HRSCrHJ7/A==",
      "requires": {
        "@polymer/polymer": "^3.0.0"
      }
    },
    "@polymer/iron-media-query": {
      "version": "3.0.0-pre.19",
      "resolved": "https://registry.npmjs.org/@polymer/iron-media-query/-/iron-media-query-3.0.0-pre.19.tgz",
      "integrity": "sha512-VDLSE5b0XoR2tj4cXiwW+eKELAaS6kilJWBmScwHsB5xQ8SnU/6ArfpJYFd9gNROFid9c632ldfmP863wwLJ1g==",
      "requires": {
        "@polymer/polymer": "^3.0.0"
      }
    },
    "@polymer/iron-meta": {
      "version": "3.0.0-pre.19",
      "resolved": "https://registry.npmjs.org/@polymer/iron-meta/-/iron-meta-3.0.0-pre.19.tgz",
      "integrity": "sha512-rZk6W37srfnB1MqlYq3sbg/mZiGSYf/xpjc7xf7uJUUvX+oe0o65o4T4b1BwthVE6uqffO43p2MjFt2kDXDrjA==",
      "requires": {
        "@polymer/polymer": "^3.0.0"
      }
    },
    "@polymer/iron-pages": {
      "version": "3.0.0-pre.19",
      "resolved": "https://registry.npmjs.org/@polymer/iron-pages/-/iron-pages-3.0.0-pre.19.tgz",
      "integrity": "sha512-ZqyLpHZ7xRpwcDPBZ50gbfjIMMDscPC5SrXgBpigaKUzk7glgEP1Xg8awym+bUX4laQ4ePDM56PJj5hlCdZxnQ==",
      "requires": {
        "@polymer/iron-resizable-behavior": "^3.0.0-pre.19",
        "@polymer/iron-selector": "^3.0.0-pre.19",
        "@polymer/polymer": "^3.0.0"
      }
    },
    "@polymer/iron-resizable-behavior": {
      "version": "3.0.0-pre.19",
      "resolved": "https://registry.npmjs.org/@polymer/iron-resizable-behavior/-/iron-resizable-behavior-3.0.0-pre.19.tgz",
      "integrity": "sha512-lEpkbPPYtxMLW0SYTRxblHqvTus9M0VAhRTYA1ctz22vi06JrlBdE7NizA9hQwYLpaWU/vibGBJ7afaP/AM3Tg==",
      "requires": {
        "@polymer/polymer": "^3.0.0"
      }
    },
    "@polymer/iron-scroll-target-behavior": {
      "version": "3.0.0-pre.19",
      "resolved": "https://registry.npmjs.org/@polymer/iron-scroll-target-behavior/-/iron-scroll-target-behavior-3.0.0-pre.19.tgz",
      "integrity": "sha512-hD/ztlrjo8aQRPey0ekJYGtE4ikysMLc0N/1vEwxlcg50LYT/BPkaepwgB598gTq02dDwGMhJr2heXusRshhzA==",
      "requires": {
        "@polymer/polymer": "^3.0.0"
      }
    },
    "@polymer/iron-selector": {
      "version": "3.0.0-pre.19",
      "resolved": "https://registry.npmjs.org/@polymer/iron-selector/-/iron-selector-3.0.0-pre.19.tgz",
      "integrity": "sha512-4rNUTXI8i+jSgNXwEbBx+XlluSBeMK/DJnHGiO1qGjtHPk5FzQ2W+QcO0SeJroCXthI/mymi2W7w1ZysduYDUg==",
      "requires": {
        "@polymer/polymer": "^3.0.0"
      }
    },
    "@polymer/iron-validatable-behavior": {
      "version": "3.0.0-pre.19",
      "resolved": "https://registry.npmjs.org/@polymer/iron-validatable-behavior/-/iron-validatable-behavior-3.0.0-pre.19.tgz",
      "integrity": "sha512-lUC48m8u4+eLxcGJbaIYr3HQepP1Bn9bVeEfrVa3PlUHVkqdj8xOYxtI2fBm1UxQpmxA+I0KWwbL9zqpD1ozuA==",
      "requires": {
        "@polymer/iron-meta": "^3.0.0-pre.19",
        "@polymer/polymer": "^3.0.0"
      }
    },
    "@polymer/lit-element": {
      "version": "0.5.1",
      "resolved": "https://registry.npmjs.org/@polymer/lit-element/-/lit-element-0.5.1.tgz",
      "integrity": "sha512-e0w6ljufDzXXm9RcLaR/pMSSRw6l1Kc2m5PddHJ+Iq2AXUI2pdnKHwbkam78ZnGoqjnWW10C4zadAz1fp6EJOw==",
      "requires": {
        "@polymer/polymer": "^3.0.0-pre.13",
        "lit-html": "^0.10.0"
      }
    },
    "@polymer/paper-behaviors": {
      "version": "3.0.0-pre.19",
      "resolved": "https://registry.npmjs.org/@polymer/paper-behaviors/-/paper-behaviors-3.0.0-pre.19.tgz",
      "integrity": "sha512-j3/5AstflXixK3qCInVcREEm9Wz/Ay0/xAqzKI7Hz9FvOWhsbl64f+4FJTcdaKhXpb0dXbl5hPsqsf7cN+CQOg==",
      "requires": {
        "@polymer/iron-behaviors": "^3.0.0-pre.19",
        "@polymer/iron-checked-element-behavior": "^3.0.0-pre.19",
        "@polymer/paper-ripple": "^3.0.0-pre.19",
        "@polymer/polymer": "^3.0.0"
      }
    },
    "@polymer/paper-icon-button": {
      "version": "3.0.0-pre.19",
      "resolved": "https://registry.npmjs.org/@polymer/paper-icon-button/-/paper-icon-button-3.0.0-pre.19.tgz",
      "integrity": "sha512-BoV8vMtI1fGWKFa7dLcMJ1w6s7saEgzeOfpZDd+wtl2IrE4LSdo5C/kcMFDJz28f67ixXQUsKb/MwKPpRfaA6A==",
      "requires": {
        "@polymer/iron-icon": "^3.0.0-pre.19",
        "@polymer/paper-behaviors": "^3.0.0-pre.19",
        "@polymer/paper-styles": "^3.0.0-pre.19",
        "@polymer/polymer": "^3.0.0"
      }
    },
    "@polymer/paper-ripple": {
      "version": "3.0.0-pre.19",
      "resolved": "https://registry.npmjs.org/@polymer/paper-ripple/-/paper-ripple-3.0.0-pre.19.tgz",
      "integrity": "sha512-VpaTIVf8p39ARrUffeXv+C8xCKpM9tZdVlkYBXrvvHe1ERO995BW8i71p34yarYJccbl2SZq1qhdiNLZALqTNw==",
      "requires": {
        "@polymer/iron-a11y-keys-behavior": "^3.0.0-pre.19",
        "@polymer/polymer": "^3.0.0"
      }
    },
    "@polymer/paper-styles": {
      "version": "3.0.0-pre.19",
      "resolved": "https://registry.npmjs.org/@polymer/paper-styles/-/paper-styles-3.0.0-pre.19.tgz",
      "integrity": "sha512-ASspmHr6GJjDiPxOVsqR2mFSQim13nGy03iLeyBXxX9QQa1rXI6r16/HShBvg8MrncQSRRUHqkFCfRWO3CKpwA==",
      "requires": {
        "@polymer/font-roboto": "^3.0.0-pre.19",
        "@polymer/iron-flex-layout": "^3.0.0-pre.19",
        "@polymer/polymer": "^3.0.0"
      }
    },
    "@polymer/polymer": {
      "version": "3.0.2",
      "resolved": "https://registry.npmjs.org/@polymer/polymer/-/polymer-3.0.2.tgz",
      "integrity": "sha512-ow8AAjTe9ps8bantY9IvL0PT+xHf5VN3Cjahfr7gBJAc0lv3jTwGBv7pso65SHyrUJEEHeakhx6iPMl7qY4tfw==",
      "requires": {
        "@webcomponents/shadycss": "^1.2.0"
      }
    },
    "@webcomponents/shadycss": {
      "version": "1.2.1",
      "resolved": "https://registry.npmjs.org/@webcomponents/shadycss/-/shadycss-1.2.1.tgz",
      "integrity": "sha512-ZnjFb1Wf81CqMgs1dbT6JT6N4nY32bs2r5YC/5GSIb/ozJGR+UYs3ldJxtk1v5uZzPRIsAWv7wYSJcCp6ml8+A=="
    },
    "@webcomponents/webcomponentsjs": {
      "version": "2.0.0",
      "resolved": "https://registry.npmjs.org/@webcomponents/webcomponentsjs/-/webcomponentsjs-2.0.0.tgz",
      "integrity": "sha512-f6izmesHd8E+rL32tftlXZmz1EAL+lLn8AUex0mJFLe39z53iTFNCqxAYsMmCA/QSGP+8X6D1it/JbuVl1jOHA=="
    },
    "ci-info": {
      "version": "1.1.3",
      "resolved": "https://registry.npmjs.org/ci-info/-/ci-info-1.1.3.tgz",
      "integrity": "sha512-SK/846h/Rcy8q9Z9CAwGBLfCJ6EkjJWdpelWDufQpqVDYq2Wnnv8zlSO6AMQap02jvhVruKKpEtQOufo3pFhLg==",
      "dev": true
    },
    "husky": {
      "version": "0.14.3",
      "resolved": "https://registry.npmjs.org/husky/-/husky-0.14.3.tgz",
      "integrity": "sha512-e21wivqHpstpoiWA/Yi8eFti8E+sQDSS53cpJsPptPs295QTOQR0ZwnHo2TXy1XOpZFD9rPOd3NpmqTK6uMLJA==",
      "dev": true,
      "requires": {
        "is-ci": "^1.0.10",
        "normalize-path": "^1.0.0",
        "strip-indent": "^2.0.0"
      }
    },
    "is-ci": {
      "version": "1.1.0",
      "resolved": "https://registry.npmjs.org/is-ci/-/is-ci-1.1.0.tgz",
      "integrity": "sha512-c7TnwxLePuqIlxHgr7xtxzycJPegNHFuIrBkwbf8hc58//+Op1CqFkyS+xnIMkwn9UsJIwc174BIjkyBmSpjKg==",
      "dev": true,
      "requires": {
        "ci-info": "^1.0.0"
      }
    },
    "lit-html": {
      "version": "0.10.0",
      "resolved": "https://registry.npmjs.org/lit-html/-/lit-html-0.10.0.tgz",
      "integrity": "sha512-w+7hn1gu5O4GZiRIQBLwC+WRtqKhA54fLQeKHdcUB+iCJypUZvTiE1OsotwpxMwran4+XV4vMHYhhdDMW4/Mww=="
    },
    "moment": {
      "version": "2.22.2",
      "resolved": "https://registry.npmjs.org/moment/-/moment-2.22.2.tgz",
      "integrity": "sha1-PCV/mDn8DpP/UxSWMiOeuQeD/2Y="
    },
    "normalize-path": {
      "version": "1.0.0",
      "resolved": "https://registry.npmjs.org/normalize-path/-/normalize-path-1.0.0.tgz",
      "integrity": "sha1-MtDkcvkf80VwHBWoMRAY07CpA3k=",
      "dev": true
    },
    "strip-indent": {
      "version": "2.0.0",
      "resolved": "https://registry.npmjs.org/strip-indent/-/strip-indent-2.0.0.tgz",
      "integrity": "sha1-XvjbKV0B5u1sv3qrlpmNeCJSe2g=",
      "dev": true
    }
  }
}
